
Microsoft Visual Studio Solution File, Format Version 12.00
# Visual Studio Version 17
VisualStudioVersion = 17.14.36518.9 d17.14
MinimumVisualStudioVersion = 10.0.40219.1
Project("{FAE04EC0-301F-11D3-BF4B-00C04F79EFBC}") = "demo_HocLieu", "demo_HocLieu\demo_HocLieu.csproj", "{C008D989-F8E2-4A60-B7DA-A6B0DD027A4F}"
EndProject
Project("{FAE04EC0-301F-11D3-BF4B-00C04F79EFBC}") = "MVC_Teacher", "MVC_Teacher\MVC_Teacher.csproj", "{DFB3777C-FF6C-41E1-9FAB-260D445CEF76}"
EndProject
Project("{FAE04EC0-301F-11D3-BF4B-00C04F79EFBC}") = "MVC_ADMIN", "MVC_ADMIN\MVC_ADMIN.csproj", "{B26D26E8-A98F-43BA-9CCC-94D50A054A72}"
EndProject
Project("{FAE04EC0-301F-11D3-BF4B-00C04F79EFBC}") = "MVC_STUDENT", "MVC_STUDENT\MVC_STUDENT.csproj", "{9028118A-CAB5-4DE5-B17E-75F95ADE9C56}"
EndProject
Project("{FAE04EC0-301F-11D3-BF4B-00C04F79EFBC}") = "RESTAPI_NenTangHocLieu", "RESTAPI_NenTangHocLieu\RESTAPI_NenTangHocLieu.csproj", "{08FD682A-62B7-4BDC-BC46-6C3D234C7AD8}"
EndProject
Global
	GlobalSection(SolutionConfigurationPlatforms) = preSolution
		Debug|Any CPU = Debug|Any CPU
		Release|Any CPU = Release|Any CPU
	EndGlobalSection
	GlobalSection(ProjectConfigurationPlatforms) = postSolution
		{C008D989-F8E2-4A60-B7DA-A6B0DD027A4F}.Debug|Any CPU.ActiveCfg = Debug|Any CPU
		{C008D989-F8E2-4A60-B7DA-A6B0DD027A4F}.Debug|Any CPU.Build.0 = Debug|Any CPU
		{C008D989-F8E2-4A60-B7DA-A6B0DD027A4F}.Release|Any CPU.ActiveCfg = Release|Any CPU
		{C008D989-F8E2-4A60-B7DA-A6B0DD027A4F}.Release|Any CPU.Build.0 = Release|Any CPU
		{DFB3777C-FF6C-41E1-9FAB-260D445CEF76}.Debug|Any CPU.ActiveCfg = Debug|Any CPU
		{DFB3777C-FF6C-41E1-9FAB-260D445CEF76}.Debug|Any CPU.Build.0 = Debug|Any CPU
		{DFB3777C-FF6C-41E1-9FAB-260D445CEF76}.Release|Any CPU.ActiveCfg = Release|Any CPU
		{DFB3777C-FF6C-41E1-9FAB-260D445CEF76}.Release|Any CPU.Build.0 = Release|Any CPU
		{B26D26E8-A98F-43BA-9CCC-94D50A054A72}.Debug|Any CPU.ActiveCfg = Debug|Any CPU
		{B26D26E8-A98F-43BA-9CCC-94D50A054A72}.Debug|Any CPU.Build.0 = Debug|Any CPU
		{B26D26E8-A98F-43BA-9CCC-94D50A054A72}.Release|Any CPU.ActiveCfg = Release|Any CPU
		{B26D26E8-A98F-43BA-9CCC-94D50A054A72}.Release|Any CPU.Build.0 = Release|Any CPU
		{9028118A-CAB5-4DE5-B17E-75F95ADE9C56}.Debug|Any CPU.ActiveCfg = Debug|Any CPU
		{9028118A-CAB5-4DE5-B17E-75F95ADE9C56}.Debug|Any CPU.Build.0 = Debug|Any CPU
		{9028118A-CAB5-4DE5-B17E-75F95ADE9C56}.Release|Any CPU.ActiveCfg = Release|Any CPU
		{9028118A-CAB5-4DE5-B17E-75F95ADE9C56}.Release|Any CPU.Build.0 = Release|Any CPU
		{08FD682A-62B7-4BDC-BC46-6C3D234C7AD8}.Debug|Any CPU.ActiveCfg = Debug|Any CPU
		{08FD682A-62B7-4BDC-BC46-6C3D234C7AD8}.Debug|Any CPU.Build.0 = Debug|Any CPU
		{08FD682A-62B7-4BDC-BC46-6C3D234C7AD8}.Release|Any CPU.ActiveCfg = Release|Any CPU
		{08FD682A-62B7-4BDC-BC46-6C3D234C7AD8}.Release|Any CPU.Build.0 = Release|Any CPU
	EndGlobalSection
	GlobalSection(SolutionProperties) = preSolution
		HideSolutionNode = FALSE
	EndGlobalSection
	GlobalSection(ExtensibilityGlobals) = postSolution
		SolutionGuid = {5E846A97-261E-423F-BEBD-05D61F641150}
	EndGlobalSection
EndGlobal
