
Microsoft Visual Studio Solution File, Format Version 12.00
# Visual Studio Version 17
VisualStudioVersion = 17.13.35931.197 d17.13
MinimumVisualStudioVersion = 10.0.40219.1
Project("{FAE04EC0-301F-11D3-BF4B-00C04F79EFBC}") = "RestfullAPI_NTHL", "RestfullAPI_NTHL.csproj", "{46A586F2-9772-4663-8599-881932D521D8}"
EndProject
Global
	GlobalSection(SolutionConfigurationPlatforms) = preSolution
		Debug|Any CPU = Debug|Any CPU
		Release|Any CPU = Release|Any CPU
	EndGlobalSection
	GlobalSection(ProjectConfigurationPlatforms) = postSolution
		{46A586F2-9772-4663-8599-881932D521D8}.Debug|Any CPU.ActiveCfg = Debug|Any CPU
		{46A586F2-9772-4663-8599-881932D521D8}.Debug|Any CPU.Build.0 = Debug|Any CPU
		{46A586F2-9772-4663-8599-881932D521D8}.Release|Any CPU.ActiveCfg = Release|Any CPU
		{46A586F2-9772-4663-8599-881932D521D8}.Release|Any CPU.Build.0 = Release|Any CPU
	EndGlobalSection
	GlobalSection(SolutionProperties) = preSolution
		HideSolutionNode = FALSE
	EndGlobalSection
	GlobalSection(ExtensibilityGlobals) = postSolution
		SolutionGuid = {9C445B75-2D2B-4A0D-924E-12AFF0B1CE51}
	EndGlobalSection
EndGlobal
